// !$*UTF8*$!
{
	archiveVersion = 1;
	classes = {
	};
	objectVersion = 56;
	objects = {

/* Begin PBXBuildFile section */
		A281BEAA2AC3E429001B3779 /* Ratau-idle.gif in Resources */ = {isa = PBXBuildFile; fileRef = A281BEA92AC3E429001B3779 /* Ratau-idle.gif */; };
		A281BEAC2AC3E479001B3779 /* Lamb-evil.gif in Resources */ = {isa = PBXBuildFile; fileRef = A281BEAB2AC3E479001B3779 /* Lamb-evil.gif */; };
		A281BEAE2AC3E483001B3779 /* Lamb-dance.gif in Resources */ = {isa = PBXBuildFile; fileRef = A281BEAD2AC3E483001B3779 /* Lamb-dance.gif */; };
		A2F1A5DF2ABFDA6F00EE164D /* Knucklebones_PrototypeApp.swift in Sources */ = {isa = PBXBuildFile; fileRef = A2F1A5DE2ABFDA6F00EE164D /* Knucklebones_PrototypeApp.swift */; };
		A2F1A5E12ABFDA6F00EE164D /* ContentView.swift in Sources */ = {isa = PBXBuildFile; fileRef = A2F1A5E02ABFDA6F00EE164D /* ContentView.swift */; };
		A2F1A5E32ABFDA7000EE164D /* Assets.xcassets in Resources */ = {isa = PBXBuildFile; fileRef = A2F1A5E22ABFDA7000EE164D /* Assets.xcassets */; };
		A2F1A5E62ABFDA7000EE164D /* Preview Assets.xcassets in Resources */ = {isa = PBXBuildFile; fileRef = A2F1A5E52ABFDA7000EE164D /* Preview Assets.xcassets */; };
		A2F1A5F42ABFE3F800EE164D /* GIFImage.swift in Sources */ = {isa = PBXBuildFile; fileRef = A2F1A5F32ABFE3F800EE164D /* GIFImage.swift */; };
		A2F1A5F62ABFE60D00EE164D /* GameView.swift in Sources */ = {isa = PBXBuildFile; fileRef = A2F1A5F52ABFE60D00EE164D /* GameView.swift */; };
		A2F1A5F82ABFE75500EE164D /* StatsView.swift in Sources */ = {isa = PBXBuildFile; fileRef = A2F1A5F72ABFE75500EE164D /* StatsView.swift */; };
		A2F1A5FA2ABFE76F00EE164D /* RulesView.swift in Sources */ = {isa = PBXBuildFile; fileRef = A2F1A5F92ABFE76F00EE164D /* RulesView.swift */; };
		A2F1A6092ABFF04200EE164D /* Piazzolla-VariableFont_opsz,wght.ttf in Resources */ = {isa = PBXBuildFile; fileRef = A2F1A6082ABFF04200EE164D /* Piazzolla-VariableFont_opsz,wght.ttf */; };
		A2F7EB152AE4A3E200A293B1 /* Ratau-roll.gif in Resources */ = {isa = PBXBuildFile; fileRef = A2F7EB142AE4A3E200A293B1 /* Ratau-roll.gif */; };
/* End PBXBuildFile section */

/* Begin PBXFileReference section */
		A281BEA92AC3E429001B3779 /* Ratau-idle.gif */ = {isa = PBXFileReference; lastKnownFileType = image.gif; path = "Ratau-idle.gif"; sourceTree = "<group>"; };
		A281BEAB2AC3E479001B3779 /* Lamb-evil.gif */ = {isa = PBXFileReference; lastKnownFileType = image.gif; path = "Lamb-evil.gif"; sourceTree = "<group>"; };
		A281BEAD2AC3E483001B3779 /* Lamb-dance.gif */ = {isa = PBXFileReference; lastKnownFileType = image.gif; path = "Lamb-dance.gif"; sourceTree = "<group>"; };
		A2F1A5DB2ABFDA6F00EE164D /* Knucklebones_Prototype.app */ = {isa = PBXFileReference; explicitFileType = wrapper.application; includeInIndex = 0; path = Knucklebones_Prototype.app; sourceTree = BUILT_PRODUCTS_DIR; };
		A2F1A5DE2ABFDA6F00EE164D /* Knucklebones_PrototypeApp.swift */ = {isa = PBXFileReference; lastKnownFileType = sourcecode.swift; path = Knucklebones_PrototypeApp.swift; sourceTree = "<group>"; };
		A2F1A5E02ABFDA6F00EE164D /* ContentView.swift */ = {isa = PBXFileReference; lastKnownFileType = sourcecode.swift; path = ContentView.swift; sourceTree = "<group>"; };
		A2F1A5E22ABFDA7000EE164D /* Assets.xcassets */ = {isa = PBXFileReference; lastKnownFileType = folder.assetcatalog; path = Assets.xcassets; sourceTree = "<group>"; };
		A2F1A5E52ABFDA7000EE164D /* Preview Assets.xcassets */ = {isa = PBXFileReference; lastKnownFileType = folder.assetcatalog; path = "Preview Assets.xcassets"; sourceTree = "<group>"; };
		A2F1A5F32ABFE3F800EE164D /* GIFImage.swift */ = {isa = PBXFileReference; lastKnownFileType = sourcecode.swift; path = GIFImage.swift; sourceTree = "<group>"; };
		A2F1A5F52ABFE60D00EE164D /* GameView.swift */ = {isa = PBXFileReference; lastKnownFileType = sourcecode.swift; path = GameView.swift; sourceTree = "<group>"; };
		A2F1A5F72ABFE75500EE164D /* StatsView.swift */ = {isa = PBXFileReference; lastKnownFileType = sourcecode.swift; path = StatsView.swift; sourceTree = "<group>"; };
		A2F1A5F92ABFE76F00EE164D /* RulesView.swift */ = {isa = PBXFileReference; lastKnownFileType = sourcecode.swift; path = RulesView.swift; sourceTree = "<group>"; };
		A2F1A6082ABFF04200EE164D /* Piazzolla-VariableFont_opsz,wght.ttf */ = {isa = PBXFileReference; lastKnownFileType = file; path = "Piazzolla-VariableFont_opsz,wght.ttf"; sourceTree = "<group>"; };
		A2F1A60A2ABFF09D00EE164D /* Knucklebones-Prototype-Info.plist */ = {isa = PBXFileReference; lastKnownFileType = text.plist; path = "Knucklebones-Prototype-Info.plist"; sourceTree = SOURCE_ROOT; };
		A2F7EB142AE4A3E200A293B1 /* Ratau-roll.gif */ = {isa = PBXFileReference; lastKnownFileType = image.gif; path = "Ratau-roll.gif"; sourceTree = "<group>"; };
/* End PBXFileReference section */

/* Begin PBXFrameworksBuildPhase section */
		A2F1A5D82ABFDA6F00EE164D /* Frameworks */ = {
			isa = PBXFrameworksBuildPhase;
			buildActionMask = 2147483647;
			files = (
			);
			runOnlyForDeploymentPostprocessing = 0;
		};
/* End PBXFrameworksBuildPhase section */

/* Begin PBXGroup section */
		A2E1E5F22AD33A5900F9526B /* gifs */ = {
			isa = PBXGroup;
			children = (
				A281BEA92AC3E429001B3779 /* Ratau-idle.gif */,
				A2F7EB142AE4A3E200A293B1 /* Ratau-roll.gif */,
				A281BEAD2AC3E483001B3779 /* Lamb-dance.gif */,
				A281BEAB2AC3E479001B3779 /* Lamb-evil.gif */,
			);
			path = gifs;
			sourceTree = "<group>";
		};
		A2F1A5D22ABFDA6F00EE164D = {
			isa = PBXGroup;
			children = (
				A2F1A5DD2ABFDA6F00EE164D /* Knucklebones_Prototype */,
				A2F1A5DC2ABFDA6F00EE164D /* Products */,
			);
			sourceTree = "<group>";
		};
		A2F1A5DC2ABFDA6F00EE164D /* Products */ = {
			isa = PBXGroup;
			children = (
				A2F1A5DB2ABFDA6F00EE164D /* Knucklebones_Prototype.app */,
			);
			name = Products;
			sourceTree = "<group>";
		};
		A2F1A5DD2ABFDA6F00EE164D /* Knucklebones_Prototype */ = {
			isa = PBXGroup;
			children = (
				A2E1E5F22AD33A5900F9526B /* gifs */,
				A2F1A60A2ABFF09D00EE164D /* Knucklebones-Prototype-Info.plist */,
				A2F1A6052ABFEFEB00EE164D /* Font */,
				A2F1A5DE2ABFDA6F00EE164D /* Knucklebones_PrototypeApp.swift */,
				A2F1A5E02ABFDA6F00EE164D /* ContentView.swift */,
				A2F1A5F52ABFE60D00EE164D /* GameView.swift */,
				A2F1A5F72ABFE75500EE164D /* StatsView.swift */,
				A2F1A5F92ABFE76F00EE164D /* RulesView.swift */,
				A2F1A5F32ABFE3F800EE164D /* GIFImage.swift */,
				A2F1A5E22ABFDA7000EE164D /* Assets.xcassets */,
				A2F1A5E42ABFDA7000EE164D /* Preview Content */,
			);
			path = Knucklebones_Prototype;
			sourceTree = "<group>";
		};
		A2F1A5E42ABFDA7000EE164D /* Preview Content */ = {
			isa = PBXGroup;
			children = (
				A2F1A5E52ABFDA7000EE164D /* Preview Assets.xcassets */,
			);
			path = "Preview Content";
			sourceTree = "<group>";
		};
		A2F1A6052ABFEFEB00EE164D /* Font */ = {
			isa = PBXGroup;
			children = (
				A2F1A6082ABFF04200EE164D /* Piazzolla-VariableFont_opsz,wght.ttf */,
			);
			path = Font;
			sourceTree = "<group>";
		};
/* End PBXGroup section */

/* Begin PBXNativeTarget section */
		A2F1A5DA2ABFDA6F00EE164D /* Knucklebones_Prototype */ = {
			isa = PBXNativeTarget;
			buildConfigurationList = A2F1A5E92ABFDA7000EE164D /* Build configuration list for PBXNativeTarget "Knucklebones_Prototype" */;
			buildPhases = (
				A2F1A5D72ABFDA6F00EE164D /* Sources */,
				A2F1A5D82ABFDA6F00EE164D /* Frameworks */,
				A2F1A5D92ABFDA6F00EE164D /* Resources */,
			);
			buildRules = (
			);
			dependencies = (
			);
			name = Knucklebones_Prototype;
			productName = Knucklebones_Prototype;
			productReference = A2F1A5DB2ABFDA6F00EE164D /* Knucklebones_Prototype.app */;
			productType = "com.apple.product-type.application";
		};
/* End PBXNativeTarget section */

/* Begin PBXProject section */
		A2F1A5D32ABFDA6F00EE164D /* Project object */ = {
			isa = PBXProject;
			attributes = {
				BuildIndependentTargetsInParallel = 1;
				LastSwiftUpdateCheck = 1430;
				LastUpgradeCheck = 1430;
				TargetAttributes = {
					A2F1A5DA2ABFDA6F00EE164D = {
						CreatedOnToolsVersion = 14.3.1;
					};
				};
			};
			buildConfigurationList = A2F1A5D62ABFDA6F00EE164D /* Build configuration list for PBXProject "Knucklebones_Prototype" */;
			compatibilityVersion = "Xcode 14.0";
			developmentRegion = en;
			hasScannedForEncodings = 0;
			knownRegions = (
				en,
				Base,
			);
			mainGroup = A2F1A5D22ABFDA6F00EE164D;
			productRefGroup = A2F1A5DC2ABFDA6F00EE164D /* Products */;
			projectDirPath = "";
			projectRoot = "";
			targets = (
				A2F1A5DA2ABFDA6F00EE164D /* Knucklebones_Prototype */,
			);
		};
/* End PBXProject section */

/* Begin PBXResourcesBuildPhase section */
		A2F1A5D92ABFDA6F00EE164D /* Resources */ = {
			isa = PBXResourcesBuildPhase;
			buildActionMask = 2147483647;
			files = (
				A2F7EB152AE4A3E200A293B1 /* Ratau-roll.gif in Resources */,
				A281BEAA2AC3E429001B3779 /* Ratau-idle.gif in Resources */,
				A2F1A5E62ABFDA7000EE164D /* Preview Assets.xcassets in Resources */,
				A281BEAE2AC3E483001B3779 /* Lamb-dance.gif in Resources */,
				A2F1A6092ABFF04200EE164D /* Piazzolla-VariableFont_opsz,wght.ttf in Resources */,
				A281BEAC2AC3E479001B3779 /* Lamb-evil.gif in Resources */,
				A2F1A5E32ABFDA7000EE164D /* Assets.xcassets in Resources */,
			);
			runOnlyForDeploymentPostprocessing = 0;
		};
/* End PBXResourcesBuildPhase section */

/* Begin PBXSourcesBuildPhase section */
		A2F1A5D72ABFDA6F00EE164D /* Sources */ = {
			isa = PBXSourcesBuildPhase;
			buildActionMask = 2147483647;
			files = (
				A2F1A5E12ABFDA6F00EE164D /* ContentView.swift in Sources */,
				A2F1A5F82ABFE75500EE164D /* StatsView.swift in Sources */,
				A2F1A5FA2ABFE76F00EE164D /* RulesView.swift in Sources */,
				A2F1A5F42ABFE3F800EE164D /* GIFImage.swift in Sources */,
				A2F1A5F62ABFE60D00EE164D /* GameView.swift in Sources */,
				A2F1A5DF2ABFDA6F00EE164D /* Knucklebones_PrototypeApp.swift in Sources */,
			);
			runOnlyForDeploymentPostprocessing = 0;
		};
/* End PBXSourcesBuildPhase section */

/* Begin XCBuildConfiguration section */
		A2F1A5E72ABFDA7000EE164D /* Debug */ = {
			isa = XCBuildConfiguration;
			buildSettings = {
				ALWAYS_SEARCH_USER_PATHS = NO;
				CLANG_ANALYZER_NONNULL = YES;
				CLANG_ANALYZER_NUMBER_OBJECT_CONVERSION = YES_AGGRESSIVE;
				CLANG_CXX_LANGUAGE_STANDARD = "gnu++20";
				CLANG_ENABLE_MODULES = YES;
				CLANG_ENABLE_OBJC_ARC = YES;
				CLANG_ENABLE_OBJC_WEAK = YES;
				CLANG_WARN_BLOCK_CAPTURE_AUTORELEASING = YES;
				CLANG_WARN_BOOL_CONVERSION = YES;
				CLANG_WARN_COMMA = YES;
				CLANG_WARN_CONSTANT_CONVERSION = YES;
				CLANG_WARN_DEPRECATED_OBJC_IMPLEMENTATIONS = YES;
				CLANG_WARN_DIRECT_OBJC_ISA_USAGE = YES_ERROR;
				CLANG_WARN_DOCUMENTATION_COMMENTS = YES;
				CLANG_WARN_EMPTY_BODY = YES;
				CLANG_WARN_ENUM_CONVERSION = YES;
				CLANG_WARN_INFINITE_RECURSION = YES;
				CLANG_WARN_INT_CONVERSION = YES;
				CLANG_WARN_NON_LITERAL_NULL_CONVERSION = YES;
				CLANG_WARN_OBJC_IMPLICIT_RETAIN_SELF = YES;
				CLANG_WARN_OBJC_LITERAL_CONVERSION = YES;
				CLANG_WARN_OBJC_ROOT_CLASS = YES_ERROR;
				CLANG_WARN_QUOTED_INCLUDE_IN_FRAMEWORK_HEADER = YES;
				CLANG_WARN_RANGE_LOOP_ANALYSIS = YES;
				CLANG_WARN_STRICT_PROTOTYPES = YES;
				CLANG_WARN_SUSPICIOUS_MOVE = YES;
				CLANG_WARN_UNGUARDED_AVAILABILITY = YES_AGGRESSIVE;
				CLANG_WARN_UNREACHABLE_CODE = YES;
				CLANG_WARN__DUPLICATE_METHOD_MATCH = YES;
				COPY_PHASE_STRIP = NO;
				DEBUG_INFORMATION_FORMAT = dwarf;
				ENABLE_STRICT_OBJC_MSGSEND = YES;
				ENABLE_TESTABILITY = YES;
				GCC_C_LANGUAGE_STANDARD = gnu11;
				GCC_DYNAMIC_NO_PIC = NO;
				GCC_NO_COMMON_BLOCKS = YES;
				GCC_OPTIMIZATION_LEVEL = 0;
				GCC_PREPROCESSOR_DEFINITIONS = (
					"DEBUG=1",
					"$(inherited)",
				);
				GCC_WARN_64_TO_32_BIT_CONVERSION = YES;
				GCC_WARN_ABOUT_RETURN_TYPE = YES_ERROR;
				GCC_WARN_UNDECLARED_SELECTOR = YES;
				GCC_WARN_UNINITIALIZED_AUTOS = YES_AGGRESSIVE;
				GCC_WARN_UNUSED_FUNCTION = YES;
				GCC_WARN_UNUSED_VARIABLE = YES;
				IPHONEOS_DEPLOYMENT_TARGET = 16.4;
				MTL_ENABLE_DEBUG_INFO = INCLUDE_SOURCE;
				MTL_FAST_MATH = YES;
				ONLY_ACTIVE_ARCH = YES;
				SDKROOT = iphoneos;
				SWIFT_ACTIVE_COMPILATION_CONDITIONS = DEBUG;
				SWIFT_OPTIMIZATION_LEVEL = "-Onone";
			};
			name = Debug;
		};
		A2F1A5E82ABFDA7000EE164D /* Release */ = {
			isa = XCBuildConfiguration;
			buildSettings = {
				ALWAYS_SEARCH_USER_PATHS = NO;
				CLANG_ANALYZER_NONNULL = YES;
				CLANG_ANALYZER_NUMBER_OBJECT_CONVERSION = YES_AGGRESSIVE;
				CLANG_CXX_LANGUAGE_STANDARD = "gnu++20";
				CLANG_ENABLE_MODULES = YES;
				CLANG_ENABLE_OBJC_ARC = YES;
				CLANG_ENABLE_OBJC_WEAK = YES;
				CLANG_WARN_BLOCK_CAPTURE_AUTORELEASING = YES;
				CLANG_WARN_BOOL_CONVERSION = YES;
				CLANG_WARN_COMMA = YES;
				CLANG_WARN_CONSTANT_CONVERSION = YES;
				CLANG_WARN_DEPRECATED_OBJC_IMPLEMENTATIONS = YES;
				CLANG_WARN_DIRECT_OBJC_ISA_USAGE = YES_ERROR;
				CLANG_WARN_DOCUMENTATION_COMMENTS = YES;
				CLANG_WARN_EMPTY_BODY = YES;
				CLANG_WARN_ENUM_CONVERSION = YES;
				CLANG_WARN_INFINITE_RECURSION = YES;
				CLANG_WARN_INT_CONVERSION = YES;
				CLANG_WARN_NON_LITERAL_NULL_CONVERSION = YES;
				CLANG_WARN_OBJC_IMPLICIT_RETAIN_SELF = YES;
				CLANG_WARN_OBJC_LITERAL_CONVERSION = YES;
				CLANG_WARN_OBJC_ROOT_CLASS = YES_ERROR;
				CLANG_WARN_QUOTED_INCLUDE_IN_FRAMEWORK_HEADER = YES;
				CLANG_WARN_RANGE_LOOP_ANALYSIS = YES;
				CLANG_WARN_STRICT_PROTOTYPES = YES;
				CLANG_WARN_SUSPICIOUS_MOVE = YES;
				CLANG_WARN_UNGUARDED_AVAILABILITY = YES_AGGRESSIVE;
				CLANG_WARN_UNREACHABLE_CODE = YES;
				CLANG_WARN__DUPLICATE_METHOD_MATCH = YES;
				COPY_PHASE_STRIP = NO;
				DEBUG_INFORMATION_FORMAT = "dwarf-with-dsym";
				ENABLE_NS_ASSERTIONS = NO;
				ENABLE_STRICT_OBJC_MSGSEND = YES;
				GCC_C_LANGUAGE_STANDARD = gnu11;
				GCC_NO_COMMON_BLOCKS = YES;
				GCC_WARN_64_TO_32_BIT_CONVERSION = YES;
				GCC_WARN_ABOUT_RETURN_TYPE = YES_ERROR;
				GCC_WARN_UNDECLARED_SELECTOR = YES;
				GCC_WARN_UNINITIALIZED_AUTOS = YES_AGGRESSIVE;
				GCC_WARN_UNUSED_FUNCTION = YES;
				GCC_WARN_UNUSED_VARIABLE = YES;
				IPHONEOS_DEPLOYMENT_TARGET = 16.4;
				MTL_ENABLE_DEBUG_INFO = NO;
				MTL_FAST_MATH = YES;
				SDKROOT = iphoneos;
				SWIFT_COMPILATION_MODE = wholemodule;
				SWIFT_OPTIMIZATION_LEVEL = "-O";
				VALIDATE_PRODUCT = YES;
			};
			name = Release;
		};
		A2F1A5EA2ABFDA7000EE164D /* Debug */ = {
			isa = XCBuildConfiguration;
			buildSettings = {
				ASSETCATALOG_COMPILER_APPICON_NAME = AppIcon;
				ASSETCATALOG_COMPILER_GLOBAL_ACCENT_COLOR_NAME = AccentColor;
				CODE_SIGN_STYLE = Automatic;
				CURRENT_PROJECT_VERSION = 1;
				DEVELOPMENT_ASSET_PATHS = "\"Knucklebones_Prototype/Preview Content\"";
				ENABLE_PREVIEWS = YES;
				GENERATE_INFOPLIST_FILE = YES;
				INFOPLIST_FILE = "Knucklebones-Prototype-Info.plist";
				INFOPLIST_KEY_UIApplicationSceneManifest_Generation = YES;
				INFOPLIST_KEY_UIApplicationSupportsIndirectInputEvents = YES;
				INFOPLIST_KEY_UILaunchScreen_Generation = YES;
				INFOPLIST_KEY_UISupportedInterfaceOrientations_iPad = "UIInterfaceOrientationPortrait UIInterfaceOrientationPortraitUpsideDown UIInterfaceOrientationLandscapeLeft UIInterfaceOrientationLandscapeRight";
				INFOPLIST_KEY_UISupportedInterfaceOrientations_iPhone = "UIInterfaceOrientationPortrait UIInterfaceOrientationLandscapeLeft UIInterfaceOrientationLandscapeRight";
				LD_RUNPATH_SEARCH_PATHS = (
					"$(inherited)",
					"@executable_path/Frameworks",
				);
				MARKETING_VERSION = 1.0;
				PRODUCT_BUNDLE_IDENTIFIER = "com.mitchellsharma.Knucklebones-Prototype";
				PRODUCT_NAME = "$(TARGET_NAME)";
				SWIFT_EMIT_LOC_STRINGS = YES;
				SWIFT_VERSION = 5.0;
				TARGETED_DEVICE_FAMILY = "1,2";
			};
			name = Debug;
		};
		A2F1A5EB2ABFDA7000EE164D /* Release */ = {
			isa = XCBuildConfiguration;
			buildSettings = {
				ASSETCATALOG_COMPILER_APPICON_NAME = AppIcon;
				ASSETCATALOG_COMPILER_GLOBAL_ACCENT_COLOR_NAME = AccentColor;
				CODE_SIGN_STYLE = Automatic;
				CURRENT_PROJECT_VERSION = 1;
				DEVELOPMENT_ASSET_PATHS = "\"Knucklebones_Prototype/Preview Content\"";
				ENABLE_PREVIEWS = YES;
				GENERATE_INFOPLIST_FILE = YES;
				INFOPLIST_FILE = "Knucklebones-Prototype-Info.plist";
				INFOPLIST_KEY_UIApplicationSceneManifest_Generation = YES;
				INFOPLIST_KEY_UIApplicationSupportsIndirectInputEvents = YES;
				INFOPLIST_KEY_UILaunchScreen_Generation = YES;
				INFOPLIST_KEY_UISupportedInterfaceOrientations_iPad = "UIInterfaceOrientationPortrait UIInterfaceOrientationPortraitUpsideDown UIInterfaceOrientationLandscapeLeft UIInterfaceOrientationLandscapeRight";
				INFOPLIST_KEY_UISupportedInterfaceOrientations_iPhone = "UIInterfaceOrientationPortrait UIInterfaceOrientationLandscapeLeft UIInterfaceOrientationLandscapeRight";
				LD_RUNPATH_SEARCH_PATHS = (
					"$(inherited)",
					"@executable_path/Frameworks",
				);
				MARKETING_VERSION = 1.0;
				PRODUCT_BUNDLE_IDENTIFIER = "com.mitchellsharma.Knucklebones-Prototype";
				PRODUCT_NAME = "$(TARGET_NAME)";
				SWIFT_EMIT_LOC_STRINGS = YES;
				SWIFT_VERSION = 5.0;
				TARGETED_DEVICE_FAMILY = "1,2";
			};
			name = Release;
		};
/* End XCBuildConfiguration section */

/* Begin XCConfigurationList section */
		A2F1A5D62ABFDA6F00EE164D /* Build configuration list for PBXProject "Knucklebones_Prototype" */ = {
			isa = XCConfigurationList;
			buildConfigurations = (
				A2F1A5E72ABFDA7000EE164D /* Debug */,
				A2F1A5E82ABFDA7000EE164D /* Release */,
			);
			defaultConfigurationIsVisible = 0;
			defaultConfigurationName = Release;
		};
		A2F1A5E92ABFDA7000EE164D /* Build configuration list for PBXNativeTarget "Knucklebones_Prototype" */ = {
			isa = XCConfigurationList;
			buildConfigurations = (
				A2F1A5EA2ABFDA7000EE164D /* Debug */,
				A2F1A5EB2ABFDA7000EE164D /* Release */,
			);
			defaultConfigurationIsVisible = 0;
			defaultConfigurationName = Release;
		};
/* End XCConfigurationList section */
	};
	rootObject = A2F1A5D32ABFDA6F00EE164D /* Project object */;
}
